// !$*UTF8*$!
{
	archiveVersion = 1;
	classes = {
	};
	objectVersion = 50;
	objects = {

/* Begin PBXBuildFile section */
		4846438520875CD9003BB72A /* PACRootViewController.m in Sources */ = {isa = PBXBuildFile; fileRef = 4846438420875CD9003BB72A /* PACRootViewController.m */; };
		4846438920875E83003BB72A /* PACRDVTabBarController.m in Sources */ = {isa = PBXBuildFile; fileRef = 4846438820875E83003BB72A /* PACRDVTabBarController.m */; };
		4846438C20882728003BB72A /* PACRootViewModel.m in Sources */ = {isa = PBXBuildFile; fileRef = 4846438B20882728003BB72A /* PACRootViewModel.m */; };
		4846438F208827FE003BB72A /* PACBaseTableViewModel.m in Sources */ = {isa = PBXBuildFile; fileRef = 4846438E208827FE003BB72A /* PACBaseTableViewModel.m */; };
		48464392208828D0003BB72A /* PACBaseTableViewController.m in Sources */ = {isa = PBXBuildFile; fileRef = 48464391208828D0003BB72A /* PACBaseTableViewController.m */; };
		484643952088330A003BB72A /* PACHomeViewModel.m in Sources */ = {isa = PBXBuildFile; fileRef = 484643942088330A003BB72A /* PACHomeViewModel.m */; };
		4846439820883320003BB72A /* PACSecondViewModel.m in Sources */ = {isa = PBXBuildFile; fileRef = 4846439720883320003BB72A /* PACSecondViewModel.m */; };
		4846439B20883330003BB72A /* PACThirdViewModel.m in Sources */ = {isa = PBXBuildFile; fileRef = 4846439A20883330003BB72A /* PACThirdViewModel.m */; };
		4846439E2088368E003BB72A /* PACFourthViewModel.m in Sources */ = {isa = PBXBuildFile; fileRef = 4846439D2088368E003BB72A /* PACFourthViewModel.m */; };
		484643A12088369D003BB72A /* PACFivthViewModel.m in Sources */ = {isa = PBXBuildFile; fileRef = 484643A02088369D003BB72A /* PACFivthViewModel.m */; };
		484643A4208836C5003BB72A /* PACFivthViewController.m in Sources */ = {isa = PBXBuildFile; fileRef = 484643A3208836C5003BB72A /* PACFivthViewController.m */; };
		484643A7208836D3003BB72A /* PACFourthViewController.m in Sources */ = {isa = PBXBuildFile; fileRef = 484643A6208836D3003BB72A /* PACFourthViewController.m */; };
		484643AA208836DC003BB72A /* PACHomeViewController.m in Sources */ = {isa = PBXBuildFile; fileRef = 484643A9208836DC003BB72A /* PACHomeViewController.m */; };
		484643AD208836E8003BB72A /* PACSecondViewController.m in Sources */ = {isa = PBXBuildFile; fileRef = 484643AC208836E8003BB72A /* PACSecondViewController.m */; };
		484643B0208836F2003BB72A /* PACThirdViewController.m in Sources */ = {isa = PBXBuildFile; fileRef = 484643AF208836F2003BB72A /* PACThirdViewController.m */; };
		68137E0E2085EBD40037358B /* PACNetAPIManager.m in Sources */ = {isa = PBXBuildFile; fileRef = 68137E0D2085EBD40037358B /* PACNetAPIManager.m */; };
		68137E142085F7470037358B /* PACNetAPIClientManager.m in Sources */ = {isa = PBXBuildFile; fileRef = 68137E132085F7470037358B /* PACNetAPIClientManager.m */; };
		68137E192086003B0037358B /* PACConstants.m in Sources */ = {isa = PBXBuildFile; fileRef = 68137E182086003B0037358B /* PACConstants.m */; };
		68137E1C2086D8880037358B /* PACCacheManager.m in Sources */ = {isa = PBXBuildFile; fileRef = 68137E1B2086D8880037358B /* PACCacheManager.m */; };
		68137E9D208724470037358B /* PACBaseViewController.m in Sources */ = {isa = PBXBuildFile; fileRef = 68137E9C208724470037358B /* PACBaseViewController.m */; };
		68137EA1208725580037358B /* CustomBarItem.m in Sources */ = {isa = PBXBuildFile; fileRef = 68137EA0208725580037358B /* CustomBarItem.m */; };
		68137EA4208725A00037358B /* UINavigationItem+CustomItem.m in Sources */ = {isa = PBXBuildFile; fileRef = 68137EA32087259F0037358B /* UINavigationItem+CustomItem.m */; };
		68137ED220873E690037358B /* PACVMServicesImpl.m in Sources */ = {isa = PBXBuildFile; fileRef = 68137ED120873E690037358B /* PACVMServicesImpl.m */; };
		68137ED520873EFD0037358B /* PACNavigationControllerStack.m in Sources */ = {isa = PBXBuildFile; fileRef = 68137ED420873EFD0037358B /* PACNavigationControllerStack.m */; };
		68137EDA20873FA80037358B /* RTRootNavigationController.m in Sources */ = {isa = PBXBuildFile; fileRef = 68137ED720873FA70037358B /* RTRootNavigationController.m */; };
		68137EDB20873FA80037358B /* UIViewController+RTRootNavigationController.m in Sources */ = {isa = PBXBuildFile; fileRef = 68137ED820873FA80037358B /* UIViewController+RTRootNavigationController.m */; };
		68137EDE20873FFD0037358B /* PACRouter.m in Sources */ = {isa = PBXBuildFile; fileRef = 68137EDD20873FFD0037358B /* PACRouter.m */; };
		68687CB3208470450050434E /* AppDelegate.m in Sources */ = {isa = PBXBuildFile; fileRef = 68687CB2208470450050434E /* AppDelegate.m */; };
		68687CB6208470460050434E /* ViewController.m in Sources */ = {isa = PBXBuildFile; fileRef = 68687CB5208470460050434E /* ViewController.m */; };
		68687CB9208470460050434E /* Main.storyboard in Resources */ = {isa = PBXBuildFile; fileRef = 68687CB7208470460050434E /* Main.storyboard */; };
		68687CBB208470460050434E /* Assets.xcassets in Resources */ = {isa = PBXBuildFile; fileRef = 68687CBA208470460050434E /* Assets.xcassets */; };
		68687CBE208470460050434E /* LaunchScreen.storyboard in Resources */ = {isa = PBXBuildFile; fileRef = 68687CBC208470460050434E /* LaunchScreen.storyboard */; };
		68687CC1208470460050434E /* main.m in Sources */ = {isa = PBXBuildFile; fileRef = 68687CC0208470460050434E /* main.m */; };
		68CE8FA320848FA30053A6E8 /* PACBaseViewModel.m in Sources */ = {isa = PBXBuildFile; fileRef = 68CE8FA220848FA30053A6E8 /* PACBaseViewModel.m */; };
		E17CA5BFAEA7E66A9D39C7E0 /* libPods-PACRACMVVMSTART.a in Frameworks */ = {isa = PBXBuildFile; fileRef = 21BA44BBB611B3801EFD8BA5 /* libPods-PACRACMVVMSTART.a */; };
/* End PBXBuildFile section */

/* Begin PBXFileReference section */
		21BA44BBB611B3801EFD8BA5 /* libPods-PACRACMVVMSTART.a */ = {isa = PBXFileReference; explicitFileType = archive.ar; includeInIndex = 0; path = "libPods-PACRACMVVMSTART.a"; sourceTree = BUILT_PRODUCTS_DIR; };
		4846438320875CD9003BB72A /* PACRootViewController.h */ = {isa = PBXFileReference; lastKnownFileType = sourcecode.c.h; path = PACRootViewController.h; sourceTree = "<group>"; };
		4846438420875CD9003BB72A /* PACRootViewController.m */ = {isa = PBXFileReference; lastKnownFileType = sourcecode.c.objc; path = PACRootViewController.m; sourceTree = "<group>"; };
		4846438720875E83003BB72A /* PACRDVTabBarController.h */ = {isa = PBXFileReference; lastKnownFileType = sourcecode.c.h; path = PACRDVTabBarController.h; sourceTree = "<group>"; };
		4846438820875E83003BB72A /* PACRDVTabBarController.m */ = {isa = PBXFileReference; lastKnownFileType = sourcecode.c.objc; path = PACRDVTabBarController.m; sourceTree = "<group>"; };
		4846438A20882728003BB72A /* PACRootViewModel.h */ = {isa = PBXFileReference; lastKnownFileType = sourcecode.c.h; path = PACRootViewModel.h; sourceTree = "<group>"; };
		4846438B20882728003BB72A /* PACRootViewModel.m */ = {isa = PBXFileReference; lastKnownFileType = sourcecode.c.objc; path = PACRootViewModel.m; sourceTree = "<group>"; };
		4846438D208827FE003BB72A /* PACBaseTableViewModel.h */ = {isa = PBXFileReference; lastKnownFileType = sourcecode.c.h; path = PACBaseTableViewModel.h; sourceTree = "<group>"; };
		4846438E208827FE003BB72A /* PACBaseTableViewModel.m */ = {isa = PBXFileReference; lastKnownFileType = sourcecode.c.objc; path = PACBaseTableViewModel.m; sourceTree = "<group>"; };
		48464390208828D0003BB72A /* PACBaseTableViewController.h */ = {isa = PBXFileReference; lastKnownFileType = sourcecode.c.h; path = PACBaseTableViewController.h; sourceTree = "<group>"; };
		48464391208828D0003BB72A /* PACBaseTableViewController.m */ = {isa = PBXFileReference; lastKnownFileType = sourcecode.c.objc; path = PACBaseTableViewController.m; sourceTree = "<group>"; };
		484643932088330A003BB72A /* PACHomeViewModel.h */ = {isa = PBXFileReference; lastKnownFileType = sourcecode.c.h; path = PACHomeViewModel.h; sourceTree = "<group>"; };
		484643942088330A003BB72A /* PACHomeViewModel.m */ = {isa = PBXFileReference; lastKnownFileType = sourcecode.c.objc; path = PACHomeViewModel.m; sourceTree = "<group>"; };
		4846439620883320003BB72A /* PACSecondViewModel.h */ = {isa = PBXFileReference; lastKnownFileType = sourcecode.c.h; path = PACSecondViewModel.h; sourceTree = "<group>"; };
		4846439720883320003BB72A /* PACSecondViewModel.m */ = {isa = PBXFileReference; lastKnownFileType = sourcecode.c.objc; path = PACSecondViewModel.m; sourceTree = "<group>"; };
		4846439920883330003BB72A /* PACThirdViewModel.h */ = {isa = PBXFileReference; lastKnownFileType = sourcecode.c.h; path = PACThirdViewModel.h; sourceTree = "<group>"; };
		4846439A20883330003BB72A /* PACThirdViewModel.m */ = {isa = PBXFileReference; lastKnownFileType = sourcecode.c.objc; path = PACThirdViewModel.m; sourceTree = "<group>"; };
		4846439C2088368E003BB72A /* PACFourthViewModel.h */ = {isa = PBXFileReference; lastKnownFileType = sourcecode.c.h; path = PACFourthViewModel.h; sourceTree = "<group>"; };
		4846439D2088368E003BB72A /* PACFourthViewModel.m */ = {isa = PBXFileReference; lastKnownFileType = sourcecode.c.objc; path = PACFourthViewModel.m; sourceTree = "<group>"; };
		4846439F2088369D003BB72A /* PACFivthViewModel.h */ = {isa = PBXFileReference; lastKnownFileType = sourcecode.c.h; path = PACFivthViewModel.h; sourceTree = "<group>"; };
		484643A02088369D003BB72A /* PACFivthViewModel.m */ = {isa = PBXFileReference; lastKnownFileType = sourcecode.c.objc; path = PACFivthViewModel.m; sourceTree = "<group>"; };
		484643A2208836C5003BB72A /* PACFivthViewController.h */ = {isa = PBXFileReference; lastKnownFileType = sourcecode.c.h; path = PACFivthViewController.h; sourceTree = "<group>"; };
		484643A3208836C5003BB72A /* PACFivthViewController.m */ = {isa = PBXFileReference; lastKnownFileType = sourcecode.c.objc; path = PACFivthViewController.m; sourceTree = "<group>"; };
		484643A5208836D3003BB72A /* PACFourthViewController.h */ = {isa = PBXFileReference; lastKnownFileType = sourcecode.c.h; path = PACFourthViewController.h; sourceTree = "<group>"; };
		484643A6208836D3003BB72A /* PACFourthViewController.m */ = {isa = PBXFileReference; lastKnownFileType = sourcecode.c.objc; path = PACFourthViewController.m; sourceTree = "<group>"; };
		484643A8208836DC003BB72A /* PACHomeViewController.h */ = {isa = PBXFileReference; lastKnownFileType = sourcecode.c.h; path = PACHomeViewController.h; sourceTree = "<group>"; };
		484643A9208836DC003BB72A /* PACHomeViewController.m */ = {isa = PBXFileReference; lastKnownFileType = sourcecode.c.objc; path = PACHomeViewController.m; sourceTree = "<group>"; };
		484643AB208836E8003BB72A /* PACSecondViewController.h */ = {isa = PBXFileReference; lastKnownFileType = sourcecode.c.h; path = PACSecondViewController.h; sourceTree = "<group>"; };
		484643AC208836E8003BB72A /* PACSecondViewController.m */ = {isa = PBXFileReference; lastKnownFileType = sourcecode.c.objc; path = PACSecondViewController.m; sourceTree = "<group>"; };
		484643AE208836F2003BB72A /* PACThirdViewController.h */ = {isa = PBXFileReference; lastKnownFileType = sourcecode.c.h; path = PACThirdViewController.h; sourceTree = "<group>"; };
		484643AF208836F2003BB72A /* PACThirdViewController.m */ = {isa = PBXFileReference; lastKnownFileType = sourcecode.c.objc; path = PACThirdViewController.m; sourceTree = "<group>"; };
		4EB6EAE4874C0614B6827A1F /* Pods-PACRACMVVMSTART.debug.xcconfig */ = {isa = PBXFileReference; includeInIndex = 1; lastKnownFileType = text.xcconfig; name = "Pods-PACRACMVVMSTART.debug.xcconfig"; path = "Pods/Target Support Files/Pods-PACRACMVVMSTART/Pods-PACRACMVVMSTART.debug.xcconfig"; sourceTree = "<group>"; };
		68137E0C2085EBD40037358B /* PACNetAPIManager.h */ = {isa = PBXFileReference; lastKnownFileType = sourcecode.c.h; path = PACNetAPIManager.h; sourceTree = "<group>"; };
		68137E0D2085EBD40037358B /* PACNetAPIManager.m */ = {isa = PBXFileReference; lastKnownFileType = sourcecode.c.objc; path = PACNetAPIManager.m; sourceTree = "<group>"; };
		68137E102085EE360037358B /* PACVMServicesProtocol.h */ = {isa = PBXFileReference; lastKnownFileType = sourcecode.c.h; path = PACVMServicesProtocol.h; sourceTree = "<group>"; };
		68137E112085F62D0037358B /* PACAPIList.h */ = {isa = PBXFileReference; lastKnownFileType = sourcecode.c.h; path = PACAPIList.h; sourceTree = "<group>"; };
		68137E122085F7470037358B /* PACNetAPIClientManager.h */ = {isa = PBXFileReference; lastKnownFileType = sourcecode.c.h; path = PACNetAPIClientManager.h; sourceTree = "<group>"; };
		68137E132085F7470037358B /* PACNetAPIClientManager.m */ = {isa = PBXFileReference; lastKnownFileType = sourcecode.c.objc; path = PACNetAPIClientManager.m; sourceTree = "<group>"; };
		68137E162085FBD60037358B /* PrefixHeader.pch */ = {isa = PBXFileReference; lastKnownFileType = sourcecode.c.h; path = PrefixHeader.pch; sourceTree = "<group>"; };
		68137E172086003B0037358B /* PACConstants.h */ = {isa = PBXFileReference; lastKnownFileType = sourcecode.c.h; path = PACConstants.h; sourceTree = "<group>"; };
		68137E182086003B0037358B /* PACConstants.m */ = {isa = PBXFileReference; lastKnownFileType = sourcecode.c.objc; path = PACConstants.m; sourceTree = "<group>"; };
		68137E1A2086D8880037358B /* PACCacheManager.h */ = {isa = PBXFileReference; lastKnownFileType = sourcecode.c.h; path = PACCacheManager.h; sourceTree = "<group>"; };
		68137E1B2086D8880037358B /* PACCacheManager.m */ = {isa = PBXFileReference; lastKnownFileType = sourcecode.c.objc; path = PACCacheManager.m; sourceTree = "<group>"; };
		68137E1E2086D8BD0037358B /* PACCacheProtocol.h */ = {isa = PBXFileReference; lastKnownFileType = sourcecode.c.h; path = PACCacheProtocol.h; sourceTree = "<group>"; };
		68137E222086DB6A0037358B /* PACSynthesizeSinglet.h */ = {isa = PBXFileReference; lastKnownFileType = sourcecode.c.h; path = PACSynthesizeSinglet.h; sourceTree = "<group>"; };
		68137E9B208724470037358B /* PACBaseViewController.h */ = {isa = PBXFileReference; lastKnownFileType = sourcecode.c.h; path = PACBaseViewController.h; sourceTree = "<group>"; };
		68137E9C208724470037358B /* PACBaseViewController.m */ = {isa = PBXFileReference; lastKnownFileType = sourcecode.c.objc; path = PACBaseViewController.m; sourceTree = "<group>"; };
		68137E9F208725580037358B /* CustomBarItem.h */ = {isa = PBXFileReference; fileEncoding = 4; lastKnownFileType = sourcecode.c.h; path = CustomBarItem.h; sourceTree = "<group>"; };
		68137EA0208725580037358B /* CustomBarItem.m */ = {isa = PBXFileReference; fileEncoding = 4; lastKnownFileType = sourcecode.c.objc; path = CustomBarItem.m; sourceTree = "<group>"; };
		68137EA22087259F0037358B /* UINavigationItem+CustomItem.h */ = {isa = PBXFileReference; fileEncoding = 4; lastKnownFileType = sourcecode.c.h; path = "UINavigationItem+CustomItem.h"; sourceTree = "<group>"; };
		68137EA32087259F0037358B /* UINavigationItem+CustomItem.m */ = {isa = PBXFileReference; fileEncoding = 4; lastKnownFileType = sourcecode.c.objc; path = "UINavigationItem+CustomItem.m"; sourceTree = "<group>"; };
		68137EA5208726FA0037358B /* PACNavGationProtocol.h */ = {isa = PBXFileReference; lastKnownFileType = sourcecode.c.h; path = PACNavGationProtocol.h; sourceTree = "<group>"; };
		68137ED020873E690037358B /* PACVMServicesImpl.h */ = {isa = PBXFileReference; lastKnownFileType = sourcecode.c.h; path = PACVMServicesImpl.h; sourceTree = "<group>"; };
		68137ED120873E690037358B /* PACVMServicesImpl.m */ = {isa = PBXFileReference; lastKnownFileType = sourcecode.c.objc; path = PACVMServicesImpl.m; sourceTree = "<group>"; };
		68137ED320873EFD0037358B /* PACNavigationControllerStack.h */ = {isa = PBXFileReference; lastKnownFileType = sourcecode.c.h; path = PACNavigationControllerStack.h; sourceTree = "<group>"; };
		68137ED420873EFD0037358B /* PACNavigationControllerStack.m */ = {isa = PBXFileReference; lastKnownFileType = sourcecode.c.objc; path = PACNavigationControllerStack.m; sourceTree = "<group>"; };
		68137ED620873FA70037358B /* UIViewController+RTRootNavigationController.h */ = {isa = PBXFileReference; fileEncoding = 4; lastKnownFileType = sourcecode.c.h; path = "UIViewController+RTRootNavigationController.h"; sourceTree = "<group>"; };
		68137ED720873FA70037358B /* RTRootNavigationController.m */ = {isa = PBXFileReference; fileEncoding = 4; lastKnownFileType = sourcecode.c.objc; path = RTRootNavigationController.m; sourceTree = "<group>"; };
		68137ED820873FA80037358B /* UIViewController+RTRootNavigationController.m */ = {isa = PBXFileReference; fileEncoding = 4; lastKnownFileType = sourcecode.c.objc; path = "UIViewController+RTRootNavigationController.m"; sourceTree = "<group>"; };
		68137ED920873FA80037358B /* RTRootNavigationController.h */ = {isa = PBXFileReference; fileEncoding = 4; lastKnownFileType = sourcecode.c.h; path = RTRootNavigationController.h; sourceTree = "<group>"; };
		68137EDC20873FFD0037358B /* PACRouter.h */ = {isa = PBXFileReference; lastKnownFileType = sourcecode.c.h; path = PACRouter.h; sourceTree = "<group>"; };
		68137EDD20873FFD0037358B /* PACRouter.m */ = {isa = PBXFileReference; lastKnownFileType = sourcecode.c.objc; path = PACRouter.m; sourceTree = "<group>"; };
		68687CAE208470450050434E /* PACRACMVVMSTART.app */ = {isa = PBXFileReference; explicitFileType = wrapper.application; includeInIndex = 0; path = PACRACMVVMSTART.app; sourceTree = BUILT_PRODUCTS_DIR; };
		68687CB1208470450050434E /* AppDelegate.h */ = {isa = PBXFileReference; lastKnownFileType = sourcecode.c.h; path = AppDelegate.h; sourceTree = "<group>"; };
		68687CB2208470450050434E /* AppDelegate.m */ = {isa = PBXFileReference; lastKnownFileType = sourcecode.c.objc; path = AppDelegate.m; sourceTree = "<group>"; };
		68687CB4208470450050434E /* ViewController.h */ = {isa = PBXFileReference; lastKnownFileType = sourcecode.c.h; path = ViewController.h; sourceTree = "<group>"; };
		68687CB5208470460050434E /* ViewController.m */ = {isa = PBXFileReference; lastKnownFileType = sourcecode.c.objc; path = ViewController.m; sourceTree = "<group>"; };
		68687CB8208470460050434E /* Base */ = {isa = PBXFileReference; lastKnownFileType = file.storyboard; name = Base; path = Base.lproj/Main.storyboard; sourceTree = "<group>"; };
		68687CBA208470460050434E /* Assets.xcassets */ = {isa = PBXFileReference; lastKnownFileType = folder.assetcatalog; path = Assets.xcassets; sourceTree = "<group>"; };
		68687CBD208470460050434E /* Base */ = {isa = PBXFileReference; lastKnownFileType = file.storyboard; name = Base; path = Base.lproj/LaunchScreen.storyboard; sourceTree = "<group>"; };
		68687CBF208470460050434E /* Info.plist */ = {isa = PBXFileReference; lastKnownFileType = text.plist.xml; path = Info.plist; sourceTree = "<group>"; };
		68687CC0208470460050434E /* main.m */ = {isa = PBXFileReference; lastKnownFileType = sourcecode.c.objc; path = main.m; sourceTree = "<group>"; };
		68CE8FA120848FA30053A6E8 /* PACBaseViewModel.h */ = {isa = PBXFileReference; lastKnownFileType = sourcecode.c.h; path = PACBaseViewModel.h; sourceTree = "<group>"; };
		68CE8FA220848FA30053A6E8 /* PACBaseViewModel.m */ = {isa = PBXFileReference; lastKnownFileType = sourcecode.c.objc; path = PACBaseViewModel.m; sourceTree = "<group>"; };
		EBB1462B6C0E17DFB362543E /* Pods-PACRACMVVMSTART.release.xcconfig */ = {isa = PBXFileReference; includeInIndex = 1; lastKnownFileType = text.xcconfig; name = "Pods-PACRACMVVMSTART.release.xcconfig"; path = "Pods/Target Support Files/Pods-PACRACMVVMSTART/Pods-PACRACMVVMSTART.release.xcconfig"; sourceTree = "<group>"; };
/* End PBXFileReference section */

/* Begin PBXFrameworksBuildPhase section */
		68687CAB208470450050434E /* Frameworks */ = {
			isa = PBXFrameworksBuildPhase;
			buildActionMask = 2147483647;
			files = (
				E17CA5BFAEA7E66A9D39C7E0 /* libPods-PACRACMVVMSTART.a in Frameworks */,
			);
			runOnlyForDeploymentPostprocessing = 0;
		};
/* End PBXFrameworksBuildPhase section */

/* Begin PBXGroup section */
		2F1CE52A5F397A462667E313 /* Frameworks */ = {
			isa = PBXGroup;
			children = (
				21BA44BBB611B3801EFD8BA5 /* libPods-PACRACMVVMSTART.a */,
			);
			name = Frameworks;
			sourceTree = "<group>";
		};
		4846438620875D76003BB72A /* Vendor */ = {
			isa = PBXGroup;
			children = (
			);
			path = Vendor;
			sourceTree = "<group>";
		};
		68137E092085EB830037358B /* Protocol */ = {
			isa = PBXGroup;
			children = (
				68137E102085EE360037358B /* PACVMServicesProtocol.h */,
				68137E1E2086D8BD0037358B /* PACCacheProtocol.h */,
				68137EA5208726FA0037358B /* PACNavGationProtocol.h */,
			);
			path = Protocol;
			sourceTree = "<group>";
		};
		68137E0A2085EBA30037358B /* Manager */ = {
			isa = PBXGroup;
			children = (
				68137E0B2085EBAB0037358B /* NetAPI */,
			);
			path = Manager;
			sourceTree = "<group>";
		};
		68137E0B2085EBAB0037358B /* NetAPI */ = {
			isa = PBXGroup;
			children = (
				68137E0C2085EBD40037358B /* PACNetAPIManager.h */,
				68137E0D2085EBD40037358B /* PACNetAPIManager.m */,
				68137E112085F62D0037358B /* PACAPIList.h */,
				68137E122085F7470037358B /* PACNetAPIClientManager.h */,
				68137E132085F7470037358B /* PACNetAPIClientManager.m */,
				68137E1A2086D8880037358B /* PACCacheManager.h */,
				68137E1B2086D8880037358B /* PACCacheManager.m */,
			);
			path = NetAPI;
			sourceTree = "<group>";
		};
		68137E152085FBBF0037358B /* Others */ = {
			isa = PBXGroup;
			children = (
				68137E162085FBD60037358B /* PrefixHeader.pch */,
				68137E172086003B0037358B /* PACConstants.h */,
				68137E182086003B0037358B /* PACConstants.m */,
				68137E222086DB6A0037358B /* PACSynthesizeSinglet.h */,
			);
			path = Others;
			sourceTree = "<group>";
		};
		68137E9E2087254D0037358B /* Custom */ = {
			isa = PBXGroup;
			children = (
				68137E9F208725580037358B /* CustomBarItem.h */,
				68137EA0208725580037358B /* CustomBarItem.m */,
				68137EA22087259F0037358B /* UINavigationItem+CustomItem.h */,
				68137EA32087259F0037358B /* UINavigationItem+CustomItem.m */,
			);
			path = Custom;
			sourceTree = "<group>";
		};
		68137EA620873AAE0037358B /* Modules */ = {
			isa = PBXGroup;
			children = (
				68137EBB20873B760037358B /* Fivth */,
				68137EC520873B760037358B /* Fourth */,
				68137ECA20873B760037358B /* Home */,
				68137EC020873B760037358B /* Second */,
				68137EB620873B760037358B /* Third */,
			);
			path = Modules;
			sourceTree = "<group>";
		};
		68137EB620873B760037358B /* Third */ = {
			isa = PBXGroup;
			children = (
				68137EB720873B760037358B /* VM */,
				68137EB820873B760037358B /* M */,
				68137EB920873B760037358B /* C */,
				68137EBA20873B760037358B /* V */,
			);
			path = Third;
			sourceTree = "<group>";
		};
		68137EB720873B760037358B /* VM */ = {
			isa = PBXGroup;
			children = (
				4846439920883330003BB72A /* PACThirdViewModel.h */,
				4846439A20883330003BB72A /* PACThirdViewModel.m */,
			);
			path = VM;
			sourceTree = "<group>";
		};
		68137EB820873B760037358B /* M */ = {
			isa = PBXGroup;
			children = (
			);
			path = M;
			sourceTree = "<group>";
		};
		68137EB920873B760037358B /* C */ = {
			isa = PBXGroup;
			children = (
				484643AE208836F2003BB72A /* PACThirdViewController.h */,
				484643AF208836F2003BB72A /* PACThirdViewController.m */,
			);
			path = C;
			sourceTree = "<group>";
		};
		68137EBA20873B760037358B /* V */ = {
			isa = PBXGroup;
			children = (
			);
			path = V;
			sourceTree = "<group>";
		};
		68137EBB20873B760037358B /* Fivth */ = {
			isa = PBXGroup;
			children = (
				68137EBC20873B760037358B /* VM */,
				68137EBD20873B760037358B /* M */,
				68137EBE20873B760037358B /* C */,
				68137EBF20873B760037358B /* V */,
			);
			path = Fivth;
			sourceTree = "<group>";
		};
		68137EBC20873B760037358B /* VM */ = {
			isa = PBXGroup;
			children = (
				4846439F2088369D003BB72A /* PACFivthViewModel.h */,
				484643A02088369D003BB72A /* PACFivthViewModel.m */,
			);
			path = VM;
			sourceTree = "<group>";
		};
		68137EBD20873B760037358B /* M */ = {
			isa = PBXGroup;
			children = (
			);
			path = M;
			sourceTree = "<group>";
		};
		68137EBE20873B760037358B /* C */ = {
			isa = PBXGroup;
			children = (
				484643A2208836C5003BB72A /* PACFivthViewController.h */,
				484643A3208836C5003BB72A /* PACFivthViewController.m */,
			);
			path = C;
			sourceTree = "<group>";
		};
		68137EBF20873B760037358B /* V */ = {
			isa = PBXGroup;
			children = (
			);
			path = V;
			sourceTree = "<group>";
		};
		68137EC020873B760037358B /* Second */ = {
			isa = PBXGroup;
			children = (
				68137EC120873B760037358B /* VM */,
				68137EC220873B760037358B /* M */,
				68137EC320873B760037358B /* C */,
				68137EC420873B760037358B /* V */,
			);
			path = Second;
			sourceTree = "<group>";
		};
		68137EC120873B760037358B /* VM */ = {
			isa = PBXGroup;
			children = (
				4846439620883320003BB72A /* PACSecondViewModel.h */,
				4846439720883320003BB72A /* PACSecondViewModel.m */,
			);
			path = VM;
			sourceTree = "<group>";
		};
		68137EC220873B760037358B /* M */ = {
			isa = PBXGroup;
			children = (
			);
			path = M;
			sourceTree = "<group>";
		};
		68137EC320873B760037358B /* C */ = {
			isa = PBXGroup;
			children = (
				484643AB208836E8003BB72A /* PACSecondViewController.h */,
				484643AC208836E8003BB72A /* PACSecondViewController.m */,
			);
			path = C;
			sourceTree = "<group>";
		};
		68137EC420873B760037358B /* V */ = {
			isa = PBXGroup;
			children = (
			);
			path = V;
			sourceTree = "<group>";
		};
		68137EC520873B760037358B /* Fourth */ = {
			isa = PBXGroup;
			children = (
				68137EC620873B760037358B /* VM */,
				68137EC720873B760037358B /* M */,
				68137EC820873B760037358B /* C */,
				68137EC920873B760037358B /* V */,
			);
			path = Fourth;
			sourceTree = "<group>";
		};
		68137EC620873B760037358B /* VM */ = {
			isa = PBXGroup;
			children = (
				4846439C2088368E003BB72A /* PACFourthViewModel.h */,
				4846439D2088368E003BB72A /* PACFourthViewModel.m */,
			);
			path = VM;
			sourceTree = "<group>";
		};
		68137EC720873B760037358B /* M */ = {
			isa = PBXGroup;
			children = (
			);
			path = M;
			sourceTree = "<group>";
		};
		68137EC820873B760037358B /* C */ = {
			isa = PBXGroup;
			children = (
				484643A5208836D3003BB72A /* PACFourthViewController.h */,
				484643A6208836D3003BB72A /* PACFourthViewController.m */,
			);
			path = C;
			sourceTree = "<group>";
		};
		68137EC920873B760037358B /* V */ = {
			isa = PBXGroup;
			children = (
			);
			path = V;
			sourceTree = "<group>";
		};
		68137ECA20873B760037358B /* Home */ = {
			isa = PBXGroup;
			children = (
				68137ECE20873BA00037358B /* M */,
				68137ECD20873B970037358B /* C */,
				68137ECC20873B900037358B /* VM */,
				68137ECB20873B760037358B /* V */,
			);
			path = Home;
			sourceTree = "<group>";
		};
		68137ECB20873B760037358B /* V */ = {
			isa = PBXGroup;
			children = (
			);
			path = V;
			sourceTree = "<group>";
		};
		68137ECC20873B900037358B /* VM */ = {
			isa = PBXGroup;
			children = (
				484643932088330A003BB72A /* PACHomeViewModel.h */,
				484643942088330A003BB72A /* PACHomeViewModel.m */,
			);
			path = VM;
			sourceTree = "<group>";
		};
		68137ECD20873B970037358B /* C */ = {
			isa = PBXGroup;
			children = (
				484643A8208836DC003BB72A /* PACHomeViewController.h */,
				484643A9208836DC003BB72A /* PACHomeViewController.m */,
			);
			path = C;
			sourceTree = "<group>";
		};
		68137ECE20873BA00037358B /* M */ = {
			isa = PBXGroup;
			children = (
			);
			path = M;
			sourceTree = "<group>";
		};
		68137ECF20873BE10037358B /* Root */ = {
			isa = PBXGroup;
			children = (
				68137ED020873E690037358B /* PACVMServicesImpl.h */,
				68137ED120873E690037358B /* PACVMServicesImpl.m */,
				68137ED320873EFD0037358B /* PACNavigationControllerStack.h */,
				68137ED420873EFD0037358B /* PACNavigationControllerStack.m */,
				68137ED920873FA80037358B /* RTRootNavigationController.h */,
				68137ED720873FA70037358B /* RTRootNavigationController.m */,
				68137ED620873FA70037358B /* UIViewController+RTRootNavigationController.h */,
				68137ED820873FA80037358B /* UIViewController+RTRootNavigationController.m */,
				68137EDC20873FFD0037358B /* PACRouter.h */,
				68137EDD20873FFD0037358B /* PACRouter.m */,
				4846438320875CD9003BB72A /* PACRootViewController.h */,
				4846438420875CD9003BB72A /* PACRootViewController.m */,
				4846438720875E83003BB72A /* PACRDVTabBarController.h */,
				4846438820875E83003BB72A /* PACRDVTabBarController.m */,
				4846438A20882728003BB72A /* PACRootViewModel.h */,
				4846438B20882728003BB72A /* PACRootViewModel.m */,
			);
			path = Root;
			sourceTree = "<group>";
		};
		68687CA5208470450050434E = {
			isa = PBXGroup;
			children = (
				68687CB0208470450050434E /* PACRACMVVMSTART */,
				68687CAF208470450050434E /* Products */,
				7E0F9BE5E5039FF0BC2D5DC2 /* Pods */,
				2F1CE52A5F397A462667E313 /* Frameworks */,
			);
			sourceTree = "<group>";
		};
		68687CAF208470450050434E /* Products */ = {
			isa = PBXGroup;
			children = (
				68687CAE208470450050434E /* PACRACMVVMSTART.app */,
			);
			name = Products;
			sourceTree = "<group>";
		};
		68687CB0208470450050434E /* PACRACMVVMSTART */ = {
			isa = PBXGroup;
			children = (
				68137EA620873AAE0037358B /* Modules */,
				4846438620875D76003BB72A /* Vendor */,
				68137ECF20873BE10037358B /* Root */,
				68137E9E2087254D0037358B /* Custom */,
				68137E152085FBBF0037358B /* Others */,
				68137E0A2085EBA30037358B /* Manager */,
				68137E092085EB830037358B /* Protocol */,
				68CE8FA020848F8E0053A6E8 /* BaseClass */,
				68687CB1208470450050434E /* AppDelegate.h */,
				68687CB2208470450050434E /* AppDelegate.m */,
				68687CB4208470450050434E /* ViewController.h */,
				68687CB5208470460050434E /* ViewController.m */,
				68687CB7208470460050434E /* Main.storyboard */,
				68687CBA208470460050434E /* Assets.xcassets */,
				68687CBC208470460050434E /* LaunchScreen.storyboard */,
				68687CBF208470460050434E /* Info.plist */,
				68687CC0208470460050434E /* main.m */,
			);
			path = PACRACMVVMSTART;
			sourceTree = "<group>";
		};
		68CE8FA020848F8E0053A6E8 /* BaseClass */ = {
			isa = PBXGroup;
			children = (
				68CE8FA120848FA30053A6E8 /* PACBaseViewModel.h */,
				68CE8FA220848FA30053A6E8 /* PACBaseViewModel.m */,
				68137E9B208724470037358B /* PACBaseViewController.h */,
				68137E9C208724470037358B /* PACBaseViewController.m */,
				4846438D208827FE003BB72A /* PACBaseTableViewModel.h */,
				4846438E208827FE003BB72A /* PACBaseTableViewModel.m */,
				48464390208828D0003BB72A /* PACBaseTableViewController.h */,
				48464391208828D0003BB72A /* PACBaseTableViewController.m */,
			);
			path = BaseClass;
			sourceTree = "<group>";
		};
		7E0F9BE5E5039FF0BC2D5DC2 /* Pods */ = {
			isa = PBXGroup;
			children = (
				4EB6EAE4874C0614B6827A1F /* Pods-PACRACMVVMSTART.debug.xcconfig */,
				EBB1462B6C0E17DFB362543E /* Pods-PACRACMVVMSTART.release.xcconfig */,
			);
			name = Pods;
			sourceTree = "<group>";
		};
/* End PBXGroup section */

/* Begin PBXNativeTarget section */
		68687CAD208470450050434E /* PACRACMVVMSTART */ = {
			isa = PBXNativeTarget;
			buildConfigurationList = 68687CC4208470460050434E /* Build configuration list for PBXNativeTarget "PACRACMVVMSTART" */;
			buildPhases = (
				1A1268F7A277F16A2583D716 /* [CP] Check Pods Manifest.lock */,
				68687CAA208470450050434E /* Sources */,
				68687CAB208470450050434E /* Frameworks */,
				68687CAC208470450050434E /* Resources */,
				CC7A522BE7070F2E2524AA8C /* [CP] Copy Pods Resources */,
			);
			buildRules = (
			);
			dependencies = (
			);
			name = PACRACMVVMSTART;
			productName = PACRACMVVMSTART;
			productReference = 68687CAE208470450050434E /* PACRACMVVMSTART.app */;
			productType = "com.apple.product-type.application";
		};
/* End PBXNativeTarget section */

/* Begin PBXProject section */
		68687CA6208470450050434E /* Project object */ = {
			isa = PBXProject;
			attributes = {
				LastUpgradeCheck = 0930;
				ORGANIZATIONNAME = STPACS;
				TargetAttributes = {
					68687CAD208470450050434E = {
						CreatedOnToolsVersion = 9.3;
					};
				};
			};
			buildConfigurationList = 68687CA9208470450050434E /* Build configuration list for PBXProject "PACRACMVVMSTART" */;
			compatibilityVersion = "Xcode 9.3";
			developmentRegion = en;
			hasScannedForEncodings = 0;
			knownRegions = (
				en,
				Base,
			);
			mainGroup = 68687CA5208470450050434E;
			productRefGroup = 68687CAF208470450050434E /* Products */;
			projectDirPath = "";
			projectRoot = "";
			targets = (
				68687CAD208470450050434E /* PACRACMVVMSTART */,
			);
		};
/* End PBXProject section */

/* Begin PBXResourcesBuildPhase section */
		68687CAC208470450050434E /* Resources */ = {
			isa = PBXResourcesBuildPhase;
			buildActionMask = 2147483647;
			files = (
				68687CBE208470460050434E /* LaunchScreen.storyboard in Resources */,
				68687CBB208470460050434E /* Assets.xcassets in Resources */,
				68687CB9208470460050434E /* Main.storyboard in Resources */,
			);
			runOnlyForDeploymentPostprocessing = 0;
		};
/* End PBXResourcesBuildPhase section */

/* Begin PBXShellScriptBuildPhase section */
		1A1268F7A277F16A2583D716 /* [CP] Check Pods Manifest.lock */ = {
			isa = PBXShellScriptBuildPhase;
			buildActionMask = 2147483647;
			files = (
			);
			inputPaths = (
				"${PODS_PODFILE_DIR_PATH}/Podfile.lock",
				"${PODS_ROOT}/Manifest.lock",
			);
			name = "[CP] Check Pods Manifest.lock";
			outputPaths = (
				"$(DERIVED_FILE_DIR)/Pods-PACRACMVVMSTART-checkManifestLockResult.txt",
			);
			runOnlyForDeploymentPostprocessing = 0;
			shellPath = /bin/sh;
			shellScript = "diff \"${PODS_PODFILE_DIR_PATH}/Podfile.lock\" \"${PODS_ROOT}/Manifest.lock\" > /dev/null\nif [ $? != 0 ] ; then\n    # print error to STDERR\n    echo \"error: The sandbox is not in sync with the Podfile.lock. Run 'pod install' or update your CocoaPods installation.\" >&2\n    exit 1\nfi\n# This output is used by Xcode 'outputs' to avoid re-running this script phase.\necho \"SUCCESS\" > \"${SCRIPT_OUTPUT_FILE_0}\"\n";
			showEnvVarsInLog = 0;
		};
		CC7A522BE7070F2E2524AA8C /* [CP] Copy Pods Resources */ = {
			isa = PBXShellScriptBuildPhase;
			buildActionMask = 2147483647;
			files = (
			);
			inputPaths = (
				"${SRCROOT}/Pods/Target Support Files/Pods-PACRACMVVMSTART/Pods-PACRACMVVMSTART-resources.sh",
				"${PODS_ROOT}/MJRefresh/MJRefresh/MJRefresh.bundle",
			);
			name = "[CP] Copy Pods Resources";
			outputPaths = (
				"${TARGET_BUILD_DIR}/${UNLOCALIZED_RESOURCES_FOLDER_PATH}/MJRefresh.bundle",
			);
			runOnlyForDeploymentPostprocessing = 0;
			shellPath = /bin/sh;
			shellScript = "\"${SRCROOT}/Pods/Target Support Files/Pods-PACRACMVVMSTART/Pods-PACRACMVVMSTART-resources.sh\"\n";
			showEnvVarsInLog = 0;
		};
/* End PBXShellScriptBuildPhase section */

/* Begin PBXSourcesBuildPhase section */
		68687CAA208470450050434E /* Sources */ = {
			isa = PBXSourcesBuildPhase;
			buildActionMask = 2147483647;
			files = (
				68687CB6208470460050434E /* ViewController.m in Sources */,
				4846439B20883330003BB72A /* PACThirdViewModel.m in Sources */,
				68137E192086003B0037358B /* PACConstants.m in Sources */,
				484643A7208836D3003BB72A /* PACFourthViewController.m in Sources */,
				68137ED520873EFD0037358B /* PACNavigationControllerStack.m in Sources */,
				48464392208828D0003BB72A /* PACBaseTableViewController.m in Sources */,
				484643952088330A003BB72A /* PACHomeViewModel.m in Sources */,
				68137EDB20873FA80037358B /* UIViewController+RTRootNavigationController.m in Sources */,
				68137E0E2085EBD40037358B /* PACNetAPIManager.m in Sources */,
				68137EA1208725580037358B /* CustomBarItem.m in Sources */,
				484643A4208836C5003BB72A /* PACFivthViewController.m in Sources */,
				484643AD208836E8003BB72A /* PACSecondViewController.m in Sources */,
				68137E9D208724470037358B /* PACBaseViewController.m in Sources */,
				4846439E2088368E003BB72A /* PACFourthViewModel.m in Sources */,
				4846439820883320003BB72A /* PACSecondViewModel.m in Sources */,
				68CE8FA320848FA30053A6E8 /* PACBaseViewModel.m in Sources */,
				484643B0208836F2003BB72A /* PACThirdViewController.m in Sources */,
				484643A12088369D003BB72A /* PACFivthViewModel.m in Sources */,
				68687CC1208470460050434E /* main.m in Sources */,
				68137E142085F7470037358B /* PACNetAPIClientManager.m in Sources */,
				4846438C20882728003BB72A /* PACRootViewModel.m in Sources */,
				484643AA208836DC003BB72A /* PACHomeViewController.m in Sources */,
				68137EDA20873FA80037358B /* RTRootNavigationController.m in Sources */,
				68137EDE20873FFD0037358B /* PACRouter.m in Sources */,
				68687CB3208470450050434E /* AppDelegate.m in Sources */,
				4846438F208827FE003BB72A /* PACBaseTableViewModel.m in Sources */,
				4846438520875CD9003BB72A /* PACRootViewController.m in Sources */,
				68137E1C2086D8880037358B /* PACCacheManager.m in Sources */,
				4846438920875E83003BB72A /* PACRDVTabBarController.m in Sources */,
				68137EA4208725A00037358B /* UINavigationItem+CustomItem.m in Sources */,
				68137ED220873E690037358B /* PACVMServicesImpl.m in Sources */,
			);
			runOnlyForDeploymentPostprocessing = 0;
		};
/* End PBXSourcesBuildPhase section */

/* Begin PBXVariantGroup section */
		68687CB7208470460050434E /* Main.storyboard */ = {
			isa = PBXVariantGroup;
			children = (
				68687CB8208470460050434E /* Base */,
			);
			name = Main.storyboard;
			sourceTree = "<group>";
		};
		68687CBC208470460050434E /* LaunchScreen.storyboard */ = {
			isa = PBXVariantGroup;
			children = (
				68687CBD208470460050434E /* Base */,
			);
			name = LaunchScreen.storyboard;
			sourceTree = "<group>";
		};
/* End PBXVariantGroup section */

/* Begin XCBuildConfiguration section */
		68687CC2208470460050434E /* Debug */ = {
			isa = XCBuildConfiguration;
			buildSettings = {
				ALWAYS_SEARCH_USER_PATHS = NO;
				CLANG_ANALYZER_NONNULL = YES;
				CLANG_ANALYZER_NUMBER_OBJECT_CONVERSION = YES_AGGRESSIVE;
				CLANG_CXX_LANGUAGE_STANDARD = "gnu++14";
				CLANG_CXX_LIBRARY = "libc++";
				CLANG_ENABLE_MODULES = YES;
				CLANG_ENABLE_OBJC_ARC = YES;
				CLANG_ENABLE_OBJC_WEAK = YES;
				CLANG_WARN_BLOCK_CAPTURE_AUTORELEASING = YES;
				CLANG_WARN_BOOL_CONVERSION = YES;
				CLANG_WARN_COMMA = YES;
				CLANG_WARN_CONSTANT_CONVERSION = YES;
				CLANG_WARN_DEPRECATED_OBJC_IMPLEMENTATIONS = YES;
				CLANG_WARN_DIRECT_OBJC_ISA_USAGE = YES_ERROR;
				CLANG_WARN_DOCUMENTATION_COMMENTS = YES;
				CLANG_WARN_EMPTY_BODY = YES;
				CLANG_WARN_ENUM_CONVERSION = YES;
				CLANG_WARN_INFINITE_RECURSION = YES;
				CLANG_WARN_INT_CONVERSION = YES;
				CLANG_WARN_NON_LITERAL_NULL_CONVERSION = YES;
				CLANG_WARN_OBJC_IMPLICIT_RETAIN_SELF = YES;
				CLANG_WARN_OBJC_LITERAL_CONVERSION = YES;
				CLANG_WARN_OBJC_ROOT_CLASS = YES_ERROR;
				CLANG_WARN_RANGE_LOOP_ANALYSIS = YES;
				CLANG_WARN_STRICT_PROTOTYPES = YES;
				CLANG_WARN_SUSPICIOUS_MOVE = YES;
				CLANG_WARN_UNGUARDED_AVAILABILITY = YES_AGGRESSIVE;
				CLANG_WARN_UNREACHABLE_CODE = YES;
				CLANG_WARN__DUPLICATE_METHOD_MATCH = YES;
				CODE_SIGN_IDENTITY = "iPhone Developer";
				COPY_PHASE_STRIP = NO;
				DEBUG_INFORMATION_FORMAT = dwarf;
				ENABLE_STRICT_OBJC_MSGSEND = YES;
				ENABLE_TESTABILITY = YES;
				GCC_C_LANGUAGE_STANDARD = gnu11;
				GCC_DYNAMIC_NO_PIC = NO;
				GCC_NO_COMMON_BLOCKS = YES;
				GCC_OPTIMIZATION_LEVEL = 0;
				GCC_PREPROCESSOR_DEFINITIONS = (
					"DEBUG=1",
					"$(inherited)",
				);
				GCC_WARN_64_TO_32_BIT_CONVERSION = YES;
				GCC_WARN_ABOUT_RETURN_TYPE = YES_ERROR;
				GCC_WARN_UNDECLARED_SELECTOR = YES;
				GCC_WARN_UNINITIALIZED_AUTOS = YES_AGGRESSIVE;
				GCC_WARN_UNUSED_FUNCTION = YES;
				GCC_WARN_UNUSED_VARIABLE = YES;
				IPHONEOS_DEPLOYMENT_TARGET = 11.3;
				MTL_ENABLE_DEBUG_INFO = YES;
				ONLY_ACTIVE_ARCH = YES;
				SDKROOT = iphoneos;
			};
			name = Debug;
		};
		68687CC3208470460050434E /* Release */ = {
			isa = XCBuildConfiguration;
			buildSettings = {
				ALWAYS_SEARCH_USER_PATHS = NO;
				CLANG_ANALYZER_NONNULL = YES;
				CLANG_ANALYZER_NUMBER_OBJECT_CONVERSION = YES_AGGRESSIVE;
				CLANG_CXX_LANGUAGE_STANDARD = "gnu++14";
				CLANG_CXX_LIBRARY = "libc++";
				CLANG_ENABLE_MODULES = YES;
				CLANG_ENABLE_OBJC_ARC = YES;
				CLANG_ENABLE_OBJC_WEAK = YES;
				CLANG_WARN_BLOCK_CAPTURE_AUTORELEASING = YES;
				CLANG_WARN_BOOL_CONVERSION = YES;
				CLANG_WARN_COMMA = YES;
				CLANG_WARN_CONSTANT_CONVERSION = YES;
				CLANG_WARN_DEPRECATED_OBJC_IMPLEMENTATIONS = YES;
				CLANG_WARN_DIRECT_OBJC_ISA_USAGE = YES_ERROR;
				CLANG_WARN_DOCUMENTATION_COMMENTS = YES;
				CLANG_WARN_EMPTY_BODY = YES;
				CLANG_WARN_ENUM_CONVERSION = YES;
				CLANG_WARN_INFINITE_RECURSION = YES;
				CLANG_WARN_INT_CONVERSION = YES;
				CLANG_WARN_NON_LITERAL_NULL_CONVERSION = YES;
				CLANG_WARN_OBJC_IMPLICIT_RETAIN_SELF = YES;
				CLANG_WARN_OBJC_LITERAL_CONVERSION = YES;
				CLANG_WARN_OBJC_ROOT_CLASS = YES_ERROR;
				CLANG_WARN_RANGE_LOOP_ANALYSIS = YES;
				CLANG_WARN_STRICT_PROTOTYPES = YES;
				CLANG_WARN_SUSPICIOUS_MOVE = YES;
				CLANG_WARN_UNGUARDED_AVAILABILITY = YES_AGGRESSIVE;
				CLANG_WARN_UNREACHABLE_CODE = YES;
				CLANG_WARN__DUPLICATE_METHOD_MATCH = YES;
				CODE_SIGN_IDENTITY = "iPhone Developer";
				COPY_PHASE_STRIP = NO;
				DEBUG_INFORMATION_FORMAT = "dwarf-with-dsym";
				ENABLE_NS_ASSERTIONS = NO;
				ENABLE_STRICT_OBJC_MSGSEND = YES;
				GCC_C_LANGUAGE_STANDARD = gnu11;
				GCC_NO_COMMON_BLOCKS = YES;
				GCC_WARN_64_TO_32_BIT_CONVERSION = YES;
				GCC_WARN_ABOUT_RETURN_TYPE = YES_ERROR;
				GCC_WARN_UNDECLARED_SELECTOR = YES;
				GCC_WARN_UNINITIALIZED_AUTOS = YES_AGGRESSIVE;
				GCC_WARN_UNUSED_FUNCTION = YES;
				GCC_WARN_UNUSED_VARIABLE = YES;
				IPHONEOS_DEPLOYMENT_TARGET = 11.3;
				MTL_ENABLE_DEBUG_INFO = NO;
				SDKROOT = iphoneos;
				VALIDATE_PRODUCT = YES;
			};
			name = Release;
		};
		68687CC5208470460050434E /* Debug */ = {
			isa = XCBuildConfiguration;
			baseConfigurationReference = 4EB6EAE4874C0614B6827A1F /* Pods-PACRACMVVMSTART.debug.xcconfig */;
			buildSettings = {
				ASSETCATALOG_COMPILER_APPICON_NAME = AppIcon;
				CODE_SIGN_STYLE = Automatic;
				GCC_INCREASE_PRECOMPILED_HEADER_SHARING = NO;
				GCC_PRECOMPILE_PREFIX_HEADER = YES;
				GCC_PREFIX_HEADER = "${SRCROOT}/PACRACMVVMSTART/Others/PrefixHeader.pch";
				INFOPLIST_FILE = PACRACMVVMSTART/Info.plist;
				IPHONEOS_DEPLOYMENT_TARGET = 8.0;
				LD_RUNPATH_SEARCH_PATHS = (
					"$(inherited)",
					"@executable_path/Frameworks",
				);
				PRODUCT_BUNDLE_IDENTIFIER = com.chenliang.intelligence.PACRACMVVMSTART;
				PRODUCT_NAME = "$(TARGET_NAME)";
				TARGETED_DEVICE_FAMILY = "1,2";
			};
			name = Debug;
		};
		68687CC6208470460050434E /* Release */ = {
			isa = XCBuildConfiguration;
			baseConfigurationReference = EBB1462B6C0E17DFB362543E /* Pods-PACRACMVVMSTART.release.xcconfig */;
			buildSettings = {
				ASSETCATALOG_COMPILER_APPICON_NAME = AppIcon;
				CODE_SIGN_STYLE = Automatic;
				GCC_INCREASE_PRECOMPILED_HEADER_SHARING = NO;
				GCC_PRECOMPILE_PREFIX_HEADER = YES;
				GCC_PREFIX_HEADER = "${SRCROOT}/PACRACMVVMSTART/Others/PrefixHeader.pch";
				INFOPLIST_FILE = PACRACMVVMSTART/Info.plist;
				IPHONEOS_DEPLOYMENT_TARGET = 8.0;
				LD_RUNPATH_SEARCH_PATHS = (
					"$(inherited)",
					"@executable_path/Frameworks",
				);
				PRODUCT_BUNDLE_IDENTIFIER = com.chenliang.intelligence.PACRACMVVMSTART;
				PRODUCT_NAME = "$(TARGET_NAME)";
				TARGETED_DEVICE_FAMILY = "1,2";
			};
			name = Release;
		};
/* End XCBuildConfiguration section */

/* Begin XCConfigurationList section */
		68687CA9208470450050434E /* Build configuration list for PBXProject "PACRACMVVMSTART" */ = {
			isa = XCConfigurationList;
			buildConfigurations = (
				68687CC2208470460050434E /* Debug */,
				68687CC3208470460050434E /* Release */,
			);
			defaultConfigurationIsVisible = 0;
			defaultConfigurationName = Release;
		};
		68687CC4208470460050434E /* Build configuration list for PBXNativeTarget "PACRACMVVMSTART" */ = {
			isa = XCConfigurationList;
			buildConfigurations = (
				68687CC5208470460050434E /* Debug */,
				68687CC6208470460050434E /* Release */,
			);
			defaultConfigurationIsVisible = 0;
			defaultConfigurationName = Release;
		};
/* End XCConfigurationList section */
	};
	rootObject = 68687CA6208470450050434E /* Project object */;
}
